schema: '2.0'
stages:
  data_ingestion:
    cmd: python src/churn/pipelines/pip_01_data_ingestion.py
    deps:
    - path: config/config.yaml
      hash: md5
      md5: bdedd09cd8b4cbf4eef63d9a52dc58f4
      size: 245
    - path: src/churn/pipelines/pip_01_data_ingestion.py
      hash: md5
      md5: 86f224219c686a005f2e181faab9bf85
      size: 1237
    outs:
    - path: artifacts/data_ingestion/metadata.json
      hash: md5
      md5: 9884135ee8aa5cdea53b33cb9a47fd31
      size: 211
    - path: artifacts/data_ingestion/web_churn.csv
      hash: md5
      md5: 7f7d25b97a62659f7df4d3b9c457d912
      size: 7689980
