schema: '2.0'
stages:
  data_ingestion:
    cmd: python src/churn/pipelines/pip_01_data_ingestion.py
    deps:
    - path: config/config.yaml
      hash: md5
      md5: b6a4ea37c8eef6ad4b25f88481beb7a8
      size: 1739
    - path: src/churn/pipelines/pip_01_data_ingestion.py
      hash: md5
      md5: 86f224219c686a005f2e181faab9bf85
      size: 1237
    outs:
    - path: artifacts/data_ingestion/metadata.json
      hash: md5
      md5: 92d49654cfe8ee273bf1e4c15a8848d8
      size: 211
    - path: artifacts/data_ingestion/web_churn.csv
      hash: md5
      md5: 7f7d25b97a62659f7df4d3b9c457d912
      size: 7689980
  data_validation:
    cmd: python src/churn/pipelines/pip_02_data_validation.py
    deps:
    - path: artifacts/data_ingestion/web_churn.csv
      hash: md5
      md5: 7f7d25b97a62659f7df4d3b9c457d912
      size: 7689980
    - path: config/config.yaml
      hash: md5
      md5: b6a4ea37c8eef6ad4b25f88481beb7a8
      size: 1739
    - path: src/churn/pipelines/pip_02_data_validation.py
      hash: md5
      md5: 29056a1883b5e17a8622cd01f88aa24e
      size: 2345
    outs:
    - path: artifacts/data_validation/status.json
      hash: md5
      md5: 536dfc3f0c562ae74b2f17d8faf8c6e3
      size: 110
